
Microsoft Visual Studio Solution File, Format Version 12.00
# Visual Studio Version 17
VisualStudioVersion = 17.2.32526.322
MinimumVisualStudioVersion = 10.0.40219.1
Project("{8BC9CEB8-8B4A-11D0-8D11-00A0C91BC942}") = "Final work", "Final work.vcxproj", "{606C39CF-0AA9-454B-973E-75FFD5C7C7F8}"
EndProject
Global
	GlobalSection(SolutionConfigurationPlatforms) = preSolution
		Debug|x64 = Debug|x64
		Debug|x86 = Debug|x86
		Release|x64 = Release|x64
		Release|x86 = Release|x86
	EndGlobalSection
	GlobalSection(ProjectConfigurationPlatforms) = postSolution
		{606C39CF-0AA9-454B-973E-75FFD5C7C7F8}.Debug|x64.ActiveCfg = Debug|x64
		{606C39CF-0AA9-454B-973E-75FFD5C7C7F8}.Debug|x64.Build.0 = Debug|x64
		{606C39CF-0AA9-454B-973E-75FFD5C7C7F8}.Debug|x86.ActiveCfg = Debug|Win32
		{606C39CF-0AA9-454B-973E-75FFD5C7C7F8}.Debug|x86.Build.0 = Debug|Win32
		{606C39CF-0AA9-454B-973E-75FFD5C7C7F8}.Release|x64.ActiveCfg = Release|x64
		{606C39CF-0AA9-454B-973E-75FFD5C7C7F8}.Release|x64.Build.0 = Release|x64
		{606C39CF-0AA9-454B-973E-75FFD5C7C7F8}.Release|x86.ActiveCfg = Release|Win32
		{606C39CF-0AA9-454B-973E-75FFD5C7C7F8}.Release|x86.Build.0 = Release|Win32
	EndGlobalSection
	GlobalSection(SolutionProperties) = preSolution
		HideSolutionNode = FALSE
	EndGlobalSection
	GlobalSection(ExtensibilityGlobals) = postSolution
		SolutionGuid = {5F0D95FD-07BE-4426-909B-63DE14B4E84B}
	EndGlobalSection
EndGlobal
